// !$*UTF8*$!
{
	archiveVersion = 1;
	classes = {
	};
	objectVersion = 48;
	objects = {

/* Begin PBXBuildFile section */
		04DAC15B202FC9BE008836D0 /* AppDelegate.m in Sources */ = {isa = PBXBuildFile; fileRef = 04DAC15A202FC9BE008836D0 /* AppDelegate.m */; };
		04DAC15E202FC9BE008836D0 /* ViewController.m in Sources */ = {isa = PBXBuildFile; fileRef = 04DAC15D202FC9BE008836D0 /* ViewController.m */; };
		04DAC161202FC9BE008836D0 /* Main.storyboard in Resources */ = {isa = PBXBuildFile; fileRef = 04DAC15F202FC9BE008836D0 /* Main.storyboard */; };
		04DAC163202FC9BE008836D0 /* Assets.xcassets in Resources */ = {isa = PBXBuildFile; fileRef = 04DAC162202FC9BE008836D0 /* Assets.xcassets */; };
		04DAC166202FC9BE008836D0 /* LaunchScreen.storyboard in Resources */ = {isa = PBXBuildFile; fileRef = 04DAC164202FC9BE008836D0 /* LaunchScreen.storyboard */; };
		04DAC169202FC9BE008836D0 /* main.m in Sources */ = {isa = PBXBuildFile; fileRef = 04DAC168202FC9BE008836D0 /* main.m */; };
		04DAC173202FC9BE008836D0 /* PeripheralDemoTests.m in Sources */ = {isa = PBXBuildFile; fileRef = 04DAC172202FC9BE008836D0 /* PeripheralDemoTests.m */; };
		04DAC17E202FC9BE008836D0 /* PeripheralDemoUITests.m in Sources */ = {isa = PBXBuildFile; fileRef = 04DAC17D202FC9BE008836D0 /* PeripheralDemoUITests.m */; };
		04DAC18D202FCAFB008836D0 /* CoreBluetooth.framework in Frameworks */ = {isa = PBXBuildFile; fileRef = 04DAC18C202FCAFB008836D0 /* CoreBluetooth.framework */; };
		04DAC1A820302CB7008836D0 /* NSLayoutConstraint+MASDebugAdditions.m in Sources */ = {isa = PBXBuildFile; fileRef = 04DAC19020302CB7008836D0 /* NSLayoutConstraint+MASDebugAdditions.m */; };
		04DAC1A920302CB7008836D0 /* ViewController+MASAdditions.m in Sources */ = {isa = PBXBuildFile; fileRef = 04DAC19920302CB7008836D0 /* ViewController+MASAdditions.m */; };
		04DAC1AA20302CB7008836D0 /* MASCompositeConstraint.m in Sources */ = {isa = PBXBuildFile; fileRef = 04DAC19D20302CB7008836D0 /* MASCompositeConstraint.m */; };
		04DAC1AB20302CB7008836D0 /* MASConstraintMaker.m in Sources */ = {isa = PBXBuildFile; fileRef = 04DAC19E20302CB7008836D0 /* MASConstraintMaker.m */; };
		04DAC1AC20302CB7008836D0 /* MASLayoutConstraint.m in Sources */ = {isa = PBXBuildFile; fileRef = 04DAC19F20302CB7008836D0 /* MASLayoutConstraint.m */; };
		04DAC1AD20302CB7008836D0 /* NSArray+MASAdditions.m in Sources */ = {isa = PBXBuildFile; fileRef = 04DAC1A020302CB7008836D0 /* NSArray+MASAdditions.m */; };
		04DAC1AE20302CB7008836D0 /* View+MASAdditions.m in Sources */ = {isa = PBXBuildFile; fileRef = 04DAC1A120302CB7008836D0 /* View+MASAdditions.m */; };
		04DAC1AF20302CB7008836D0 /* MASConstraint.m in Sources */ = {isa = PBXBuildFile; fileRef = 04DAC1A420302CB7008836D0 /* MASConstraint.m */; };
		04DAC1B020302CB7008836D0 /* MASViewConstraint.m in Sources */ = {isa = PBXBuildFile; fileRef = 04DAC1A620302CB7008836D0 /* MASViewConstraint.m */; };
		04DAC1B120302CB7008836D0 /* MASViewAttribute.m in Sources */ = {isa = PBXBuildFile; fileRef = 04DAC1A720302CB7008836D0 /* MASViewAttribute.m */; };
		04DAC1B520302E5D008836D0 /* UIView+Toast.m in Sources */ = {isa = PBXBuildFile; fileRef = 04DAC1B420302E5D008836D0 /* UIView+Toast.m */; };
/* End PBXBuildFile section */

/* Begin PBXContainerItemProxy section */
		04DAC16F202FC9BE008836D0 /* PBXContainerItemProxy */ = {
			isa = PBXContainerItemProxy;
			containerPortal = 04DAC14E202FC9BE008836D0 /* Project object */;
			proxyType = 1;
			remoteGlobalIDString = 04DAC155202FC9BE008836D0;
			remoteInfo = PeripheralDemo;
		};
		04DAC17A202FC9BE008836D0 /* PBXContainerItemProxy */ = {
			isa = PBXContainerItemProxy;
			containerPortal = 04DAC14E202FC9BE008836D0 /* Project object */;
			proxyType = 1;
			remoteGlobalIDString = 04DAC155202FC9BE008836D0;
			remoteInfo = PeripheralDemo;
		};
/* End PBXContainerItemProxy section */

/* Begin PBXFileReference section */
		04DAC156202FC9BE008836D0 /* PeripheralDemo.app */ = {isa = PBXFileReference; explicitFileType = wrapper.application; includeInIndex = 0; path = PeripheralDemo.app; sourceTree = BUILT_PRODUCTS_DIR; };
		04DAC159202FC9BE008836D0 /* AppDelegate.h */ = {isa = PBXFileReference; lastKnownFileType = sourcecode.c.h; path = AppDelegate.h; sourceTree = "<group>"; };
		04DAC15A202FC9BE008836D0 /* AppDelegate.m */ = {isa = PBXFileReference; lastKnownFileType = sourcecode.c.objc; path = AppDelegate.m; sourceTree = "<group>"; };
		04DAC15C202FC9BE008836D0 /* ViewController.h */ = {isa = PBXFileReference; lastKnownFileType = sourcecode.c.h; path = ViewController.h; sourceTree = "<group>"; };
		04DAC15D202FC9BE008836D0 /* ViewController.m */ = {isa = PBXFileReference; lastKnownFileType = sourcecode.c.objc; path = ViewController.m; sourceTree = "<group>"; };
		04DAC160202FC9BE008836D0 /* Base */ = {isa = PBXFileReference; lastKnownFileType = file.storyboard; name = Base; path = Base.lproj/Main.storyboard; sourceTree = "<group>"; };
		04DAC162202FC9BE008836D0 /* Assets.xcassets */ = {isa = PBXFileReference; lastKnownFileType = folder.assetcatalog; path = Assets.xcassets; sourceTree = "<group>"; };
		04DAC165202FC9BE008836D0 /* Base */ = {isa = PBXFileReference; lastKnownFileType = file.storyboard; name = Base; path = Base.lproj/LaunchScreen.storyboard; sourceTree = "<group>"; };
		04DAC167202FC9BE008836D0 /* Info.plist */ = {isa = PBXFileReference; lastKnownFileType = text.plist.xml; path = Info.plist; sourceTree = "<group>"; };
		04DAC168202FC9BE008836D0 /* main.m */ = {isa = PBXFileReference; lastKnownFileType = sourcecode.c.objc; path = main.m; sourceTree = "<group>"; };
		04DAC16E202FC9BE008836D0 /* PeripheralDemoTests.xctest */ = {isa = PBXFileReference; explicitFileType = wrapper.cfbundle; includeInIndex = 0; path = PeripheralDemoTests.xctest; sourceTree = BUILT_PRODUCTS_DIR; };
		04DAC172202FC9BE008836D0 /* PeripheralDemoTests.m */ = {isa = PBXFileReference; lastKnownFileType = sourcecode.c.objc; path = PeripheralDemoTests.m; sourceTree = "<group>"; };
		04DAC174202FC9BE008836D0 /* Info.plist */ = {isa = PBXFileReference; lastKnownFileType = text.plist.xml; path = Info.plist; sourceTree = "<group>"; };
		04DAC179202FC9BE008836D0 /* PeripheralDemoUITests.xctest */ = {isa = PBXFileReference; explicitFileType = wrapper.cfbundle; includeInIndex = 0; path = PeripheralDemoUITests.xctest; sourceTree = BUILT_PRODUCTS_DIR; };
		04DAC17D202FC9BE008836D0 /* PeripheralDemoUITests.m */ = {isa = PBXFileReference; lastKnownFileType = sourcecode.c.objc; path = PeripheralDemoUITests.m; sourceTree = "<group>"; };
		04DAC17F202FC9BE008836D0 /* Info.plist */ = {isa = PBXFileReference; lastKnownFileType = text.plist.xml; path = Info.plist; sourceTree = "<group>"; };
		04DAC18C202FCAFB008836D0 /* CoreBluetooth.framework */ = {isa = PBXFileReference; lastKnownFileType = wrapper.framework; name = CoreBluetooth.framework; path = System/Library/Frameworks/CoreBluetooth.framework; sourceTree = SDKROOT; };
		04DAC18F20302CB7008836D0 /* MASCompositeConstraint.h */ = {isa = PBXFileReference; fileEncoding = 4; lastKnownFileType = sourcecode.c.h; path = MASCompositeConstraint.h; sourceTree = "<group>"; };
		04DAC19020302CB7008836D0 /* NSLayoutConstraint+MASDebugAdditions.m */ = {isa = PBXFileReference; fileEncoding = 4; lastKnownFileType = sourcecode.c.objc; path = "NSLayoutConstraint+MASDebugAdditions.m"; sourceTree = "<group>"; };
		04DAC19120302CB7008836D0 /* MASConstraint+Private.h */ = {isa = PBXFileReference; fileEncoding = 4; lastKnownFileType = sourcecode.c.h; path = "MASConstraint+Private.h"; sourceTree = "<group>"; };
		04DAC19220302CB7008836D0 /* MASLayoutConstraint.h */ = {isa = PBXFileReference; fileEncoding = 4; lastKnownFileType = sourcecode.c.h; path = MASLayoutConstraint.h; sourceTree = "<group>"; };
		04DAC19320302CB7008836D0 /* NSArray+MASShorthandAdditions.h */ = {isa = PBXFileReference; fileEncoding = 4; lastKnownFileType = sourcecode.c.h; path = "NSArray+MASShorthandAdditions.h"; sourceTree = "<group>"; };
		04DAC19420302CB7008836D0 /* MASConstraintMaker.h */ = {isa = PBXFileReference; fileEncoding = 4; lastKnownFileType = sourcecode.c.h; path = MASConstraintMaker.h; sourceTree = "<group>"; };
		04DAC19520302CB7008836D0 /* View+MASAdditions.h */ = {isa = PBXFileReference; fileEncoding = 4; lastKnownFileType = sourcecode.c.h; path = "View+MASAdditions.h"; sourceTree = "<group>"; };
		04DAC19620302CB7008836D0 /* NSArray+MASAdditions.h */ = {isa = PBXFileReference; fileEncoding = 4; lastKnownFileType = sourcecode.c.h; path = "NSArray+MASAdditions.h"; sourceTree = "<group>"; };
		04DAC19720302CB7008836D0 /* MASUtilities.h */ = {isa = PBXFileReference; fileEncoding = 4; lastKnownFileType = sourcecode.c.h; path = MASUtilities.h; sourceTree = "<group>"; };
		04DAC19820302CB7008836D0 /* MASViewAttribute.h */ = {isa = PBXFileReference; fileEncoding = 4; lastKnownFileType = sourcecode.c.h; path = MASViewAttribute.h; sourceTree = "<group>"; };
		04DAC19920302CB7008836D0 /* ViewController+MASAdditions.m */ = {isa = PBXFileReference; fileEncoding = 4; lastKnownFileType = sourcecode.c.objc; path = "ViewController+MASAdditions.m"; sourceTree = "<group>"; };
		04DAC19A20302CB7008836D0 /* MASViewConstraint.h */ = {isa = PBXFileReference; fileEncoding = 4; lastKnownFileType = sourcecode.c.h; path = MASViewConstraint.h; sourceTree = "<group>"; };
		04DAC19B20302CB7008836D0 /* MASConstraint.h */ = {isa = PBXFileReference; fileEncoding = 4; lastKnownFileType = sourcecode.c.h; path = MASConstraint.h; sourceTree = "<group>"; };
		04DAC19C20302CB7008836D0 /* NSLayoutConstraint+MASDebugAdditions.h */ = {isa = PBXFileReference; fileEncoding = 4; lastKnownFileType = sourcecode.c.h; path = "NSLayoutConstraint+MASDebugAdditions.h"; sourceTree = "<group>"; };
		04DAC19D20302CB7008836D0 /* MASCompositeConstraint.m */ = {isa = PBXFileReference; fileEncoding = 4; lastKnownFileType = sourcecode.c.objc; path = MASCompositeConstraint.m; sourceTree = "<group>"; };
		04DAC19E20302CB7008836D0 /* MASConstraintMaker.m */ = {isa = PBXFileReference; fileEncoding = 4; lastKnownFileType = sourcecode.c.objc; path = MASConstraintMaker.m; sourceTree = "<group>"; };
		04DAC19F20302CB7008836D0 /* MASLayoutConstraint.m */ = {isa = PBXFileReference; fileEncoding = 4; lastKnownFileType = sourcecode.c.objc; path = MASLayoutConstraint.m; sourceTree = "<group>"; };
		04DAC1A020302CB7008836D0 /* NSArray+MASAdditions.m */ = {isa = PBXFileReference; fileEncoding = 4; lastKnownFileType = sourcecode.c.objc; path = "NSArray+MASAdditions.m"; sourceTree = "<group>"; };
		04DAC1A120302CB7008836D0 /* View+MASAdditions.m */ = {isa = PBXFileReference; fileEncoding = 4; lastKnownFileType = sourcecode.c.objc; path = "View+MASAdditions.m"; sourceTree = "<group>"; };
		04DAC1A220302CB7008836D0 /* View+MASShorthandAdditions.h */ = {isa = PBXFileReference; fileEncoding = 4; lastKnownFileType = sourcecode.c.h; path = "View+MASShorthandAdditions.h"; sourceTree = "<group>"; };
		04DAC1A320302CB7008836D0 /* Masonry.h */ = {isa = PBXFileReference; fileEncoding = 4; lastKnownFileType = sourcecode.c.h; path = Masonry.h; sourceTree = "<group>"; };
		04DAC1A420302CB7008836D0 /* MASConstraint.m */ = {isa = PBXFileReference; fileEncoding = 4; lastKnownFileType = sourcecode.c.objc; path = MASConstraint.m; sourceTree = "<group>"; };
		04DAC1A520302CB7008836D0 /* ViewController+MASAdditions.h */ = {isa = PBXFileReference; fileEncoding = 4; lastKnownFileType = sourcecode.c.h; path = "ViewController+MASAdditions.h"; sourceTree = "<group>"; };
		04DAC1A620302CB7008836D0 /* MASViewConstraint.m */ = {isa = PBXFileReference; fileEncoding = 4; lastKnownFileType = sourcecode.c.objc; path = MASViewConstraint.m; sourceTree = "<group>"; };
		04DAC1A720302CB7008836D0 /* MASViewAttribute.m */ = {isa = PBXFileReference; fileEncoding = 4; lastKnownFileType = sourcecode.c.objc; path = MASViewAttribute.m; sourceTree = "<group>"; };
		04DAC1B320302E5D008836D0 /* UIView+Toast.h */ = {isa = PBXFileReference; fileEncoding = 4; lastKnownFileType = sourcecode.c.h; path = "UIView+Toast.h"; sourceTree = "<group>"; };
		04DAC1B420302E5D008836D0 /* UIView+Toast.m */ = {isa = PBXFileReference; fileEncoding = 4; lastKnownFileType = sourcecode.c.objc; path = "UIView+Toast.m"; sourceTree = "<group>"; };
/* End PBXFileReference section */

/* Begin PBXFrameworksBuildPhase section */
		04DAC153202FC9BE008836D0 /* Frameworks */ = {
			isa = PBXFrameworksBuildPhase;
			buildActionMask = 2147483647;
			files = (
				04DAC18D202FCAFB008836D0 /* CoreBluetooth.framework in Frameworks */,
			);
			runOnlyForDeploymentPostprocessing = 0;
		};
		04DAC16B202FC9BE008836D0 /* Frameworks */ = {
			isa = PBXFrameworksBuildPhase;
			buildActionMask = 2147483647;
			files = (
			);
			runOnlyForDeploymentPostprocessing = 0;
		};
		04DAC176202FC9BE008836D0 /* Frameworks */ = {
			isa = PBXFrameworksBuildPhase;
			buildActionMask = 2147483647;
			files = (
			);
			runOnlyForDeploymentPostprocessing = 0;
		};
/* End PBXFrameworksBuildPhase section */

/* Begin PBXGroup section */
		04DAC14D202FC9BE008836D0 = {
			isa = PBXGroup;
			children = (
				04DAC1B220302E5D008836D0 /* Toast */,
				04DAC18E20302CB7008836D0 /* Masonry */,
				04DAC158202FC9BE008836D0 /* PeripheralDemo */,
				04DAC171202FC9BE008836D0 /* PeripheralDemoTests */,
				04DAC17C202FC9BE008836D0 /* PeripheralDemoUITests */,
				04DAC157202FC9BE008836D0 /* Products */,
				04DAC18B202FCAFB008836D0 /* Frameworks */,
			);
			sourceTree = "<group>";
		};
		04DAC157202FC9BE008836D0 /* Products */ = {
			isa = PBXGroup;
			children = (
				04DAC156202FC9BE008836D0 /* PeripheralDemo.app */,
				04DAC16E202FC9BE008836D0 /* PeripheralDemoTests.xctest */,
				04DAC179202FC9BE008836D0 /* PeripheralDemoUITests.xctest */,
			);
			name = Products;
			sourceTree = "<group>";
		};
		04DAC158202FC9BE008836D0 /* PeripheralDemo */ = {
			isa = PBXGroup;
			children = (
				04DAC159202FC9BE008836D0 /* AppDelegate.h */,
				04DAC15A202FC9BE008836D0 /* AppDelegate.m */,
				04DAC15C202FC9BE008836D0 /* ViewController.h */,
				04DAC15D202FC9BE008836D0 /* ViewController.m */,
				04DAC15F202FC9BE008836D0 /* Main.storyboard */,
				04DAC162202FC9BE008836D0 /* Assets.xcassets */,
				04DAC164202FC9BE008836D0 /* LaunchScreen.storyboard */,
				04DAC167202FC9BE008836D0 /* Info.plist */,
				04DAC168202FC9BE008836D0 /* main.m */,
			);
			path = PeripheralDemo;
			sourceTree = "<group>";
		};
		04DAC171202FC9BE008836D0 /* PeripheralDemoTests */ = {
			isa = PBXGroup;
			children = (
				04DAC172202FC9BE008836D0 /* PeripheralDemoTests.m */,
				04DAC174202FC9BE008836D0 /* Info.plist */,
			);
			path = PeripheralDemoTests;
			sourceTree = "<group>";
		};
		04DAC17C202FC9BE008836D0 /* PeripheralDemoUITests */ = {
			isa = PBXGroup;
			children = (
				04DAC17D202FC9BE008836D0 /* PeripheralDemoUITests.m */,
				04DAC17F202FC9BE008836D0 /* Info.plist */,
			);
			path = PeripheralDemoUITests;
			sourceTree = "<group>";
		};
		04DAC18B202FCAFB008836D0 /* Frameworks */ = {
			isa = PBXGroup;
			children = (
				04DAC18C202FCAFB008836D0 /* CoreBluetooth.framework */,
			);
			name = Frameworks;
			sourceTree = "<group>";
		};
		04DAC18E20302CB7008836D0 /* Masonry */ = {
			isa = PBXGroup;
			children = (
				04DAC18F20302CB7008836D0 /* MASCompositeConstraint.h */,
				04DAC19020302CB7008836D0 /* NSLayoutConstraint+MASDebugAdditions.m */,
				04DAC19120302CB7008836D0 /* MASConstraint+Private.h */,
				04DAC19220302CB7008836D0 /* MASLayoutConstraint.h */,
				04DAC19320302CB7008836D0 /* NSArray+MASShorthandAdditions.h */,
				04DAC19420302CB7008836D0 /* MASConstraintMaker.h */,
				04DAC19520302CB7008836D0 /* View+MASAdditions.h */,
				04DAC19620302CB7008836D0 /* NSArray+MASAdditions.h */,
				04DAC19720302CB7008836D0 /* MASUtilities.h */,
				04DAC19820302CB7008836D0 /* MASViewAttribute.h */,
				04DAC19920302CB7008836D0 /* ViewController+MASAdditions.m */,
				04DAC19A20302CB7008836D0 /* MASViewConstraint.h */,
				04DAC19B20302CB7008836D0 /* MASConstraint.h */,
				04DAC19C20302CB7008836D0 /* NSLayoutConstraint+MASDebugAdditions.h */,
				04DAC19D20302CB7008836D0 /* MASCompositeConstraint.m */,
				04DAC19E20302CB7008836D0 /* MASConstraintMaker.m */,
				04DAC19F20302CB7008836D0 /* MASLayoutConstraint.m */,
				04DAC1A020302CB7008836D0 /* NSArray+MASAdditions.m */,
				04DAC1A120302CB7008836D0 /* View+MASAdditions.m */,
				04DAC1A220302CB7008836D0 /* View+MASShorthandAdditions.h */,
				04DAC1A320302CB7008836D0 /* Masonry.h */,
				04DAC1A420302CB7008836D0 /* MASConstraint.m */,
				04DAC1A520302CB7008836D0 /* ViewController+MASAdditions.h */,
				04DAC1A620302CB7008836D0 /* MASViewConstraint.m */,
				04DAC1A720302CB7008836D0 /* MASViewAttribute.m */,
			);
			path = Masonry;
			sourceTree = "<group>";
		};
		04DAC1B220302E5D008836D0 /* Toast */ = {
			isa = PBXGroup;
			children = (
				04DAC1B320302E5D008836D0 /* UIView+Toast.h */,
				04DAC1B420302E5D008836D0 /* UIView+Toast.m */,
			);
			path = Toast;
			sourceTree = "<group>";
		};
/* End PBXGroup section */

/* Begin PBXNativeTarget section */
		04DAC155202FC9BE008836D0 /* PeripheralDemo */ = {
			isa = PBXNativeTarget;
			buildConfigurationList = 04DAC182202FC9BE008836D0 /* Build configuration list for PBXNativeTarget "PeripheralDemo" */;
			buildPhases = (
				04DAC152202FC9BE008836D0 /* Sources */,
				04DAC153202FC9BE008836D0 /* Frameworks */,
				04DAC154202FC9BE008836D0 /* Resources */,
			);
			buildRules = (
			);
			dependencies = (
			);
			name = PeripheralDemo;
			productName = PeripheralDemo;
			productReference = 04DAC156202FC9BE008836D0 /* PeripheralDemo.app */;
			productType = "com.apple.product-type.application";
		};
		04DAC16D202FC9BE008836D0 /* PeripheralDemoTests */ = {
			isa = PBXNativeTarget;
			buildConfigurationList = 04DAC185202FC9BE008836D0 /* Build configuration list for PBXNativeTarget "PeripheralDemoTests" */;
			buildPhases = (
				04DAC16A202FC9BE008836D0 /* Sources */,
				04DAC16B202FC9BE008836D0 /* Frameworks */,
				04DAC16C202FC9BE008836D0 /* Resources */,
			);
			buildRules = (
			);
			dependencies = (
				04DAC170202FC9BE008836D0 /* PBXTargetDependency */,
			);
			name = PeripheralDemoTests;
			productName = PeripheralDemoTests;
			productReference = 04DAC16E202FC9BE008836D0 /* PeripheralDemoTests.xctest */;
			productType = "com.apple.product-type.bundle.unit-test";
		};
		04DAC178202FC9BE008836D0 /* PeripheralDemoUITests */ = {
			isa = PBXNativeTarget;
			buildConfigurationList = 04DAC188202FC9BE008836D0 /* Build configuration list for PBXNativeTarget "PeripheralDemoUITests" */;
			buildPhases = (
				04DAC175202FC9BE008836D0 /* Sources */,
				04DAC176202FC9BE008836D0 /* Frameworks */,
				04DAC177202FC9BE008836D0 /* Resources */,
			);
			buildRules = (
			);
			dependencies = (
				04DAC17B202FC9BE008836D0 /* PBXTargetDependency */,
			);
			name = PeripheralDemoUITests;
			productName = PeripheralDemoUITests;
			productReference = 04DAC179202FC9BE008836D0 /* PeripheralDemoUITests.xctest */;
			productType = "com.apple.product-type.bundle.ui-testing";
		};
/* End PBXNativeTarget section */

/* Begin PBXProject section */
		04DAC14E202FC9BE008836D0 /* Project object */ = {
			isa = PBXProject;
			attributes = {
				LastUpgradeCheck = 0920;
				ORGANIZATIONNAME = BeiJingXiaoMenTong;
				TargetAttributes = {
					04DAC155202FC9BE008836D0 = {
						CreatedOnToolsVersion = 9.2;
						ProvisioningStyle = Automatic;
					};
					04DAC16D202FC9BE008836D0 = {
						CreatedOnToolsVersion = 9.2;
						ProvisioningStyle = Automatic;
						TestTargetID = 04DAC155202FC9BE008836D0;
					};
					04DAC178202FC9BE008836D0 = {
						CreatedOnToolsVersion = 9.2;
						ProvisioningStyle = Automatic;
						TestTargetID = 04DAC155202FC9BE008836D0;
					};
				};
			};
			buildConfigurationList = 04DAC151202FC9BE008836D0 /* Build configuration list for PBXProject "PeripheralDemo" */;
			compatibilityVersion = "Xcode 8.0";
			developmentRegion = en;
			hasScannedForEncodings = 0;
			knownRegions = (
				en,
				Base,
			);
			mainGroup = 04DAC14D202FC9BE008836D0;
			productRefGroup = 04DAC157202FC9BE008836D0 /* Products */;
			projectDirPath = "";
			projectRoot = "";
			targets = (
				04DAC155202FC9BE008836D0 /* PeripheralDemo */,
				04DAC16D202FC9BE008836D0 /* PeripheralDemoTests */,
				04DAC178202FC9BE008836D0 /* PeripheralDemoUITests */,
			);
		};
/* End PBXProject section */

/* Begin PBXResourcesBuildPhase section */
		04DAC154202FC9BE008836D0 /* Resources */ = {
			isa = PBXResourcesBuildPhase;
			buildActionMask = 2147483647;
			files = (
				04DAC166202FC9BE008836D0 /* LaunchScreen.storyboard in Resources */,
				04DAC163202FC9BE008836D0 /* Assets.xcassets in Resources */,
				04DAC161202FC9BE008836D0 /* Main.storyboard in Resources */,
			);
			runOnlyForDeploymentPostprocessing = 0;
		};
		04DAC16C202FC9BE008836D0 /* Resources */ = {
			isa = PBXResourcesBuildPhase;
			buildActionMask = 2147483647;
			files = (
			);
			runOnlyForDeploymentPostprocessing = 0;
		};
		04DAC177202FC9BE008836D0 /* Resources */ = {
			isa = PBXResourcesBuildPhase;
			buildActionMask = 2147483647;
			files = (
			);
			runOnlyForDeploymentPostprocessing = 0;
		};
/* End PBXResourcesBuildPhase section */

/* Begin PBXSourcesBuildPhase section */
		04DAC152202FC9BE008836D0 /* Sources */ = {
			isa = PBXSourcesBuildPhase;
			buildActionMask = 2147483647;
			files = (
				04DAC1AB20302CB7008836D0 /* MASConstraintMaker.m in Sources */,
				04DAC15E202FC9BE008836D0 /* ViewController.m in Sources */,
				04DAC1A920302CB7008836D0 /* ViewController+MASAdditions.m in Sources */,
				04DAC1B020302CB7008836D0 /* MASViewConstraint.m in Sources */,
				04DAC1B520302E5D008836D0 /* UIView+Toast.m in Sources */,
				04DAC169202FC9BE008836D0 /* main.m in Sources */,
				04DAC1AC20302CB7008836D0 /* MASLayoutConstraint.m in Sources */,
				04DAC1AF20302CB7008836D0 /* MASConstraint.m in Sources */,
				04DAC1AD20302CB7008836D0 /* NSArray+MASAdditions.m in Sources */,
				04DAC15B202FC9BE008836D0 /* AppDelegate.m in Sources */,
				04DAC1AA20302CB7008836D0 /* MASCompositeConstraint.m in Sources */,
				04DAC1AE20302CB7008836D0 /* View+MASAdditions.m in Sources */,
				04DAC1A820302CB7008836D0 /* NSLayoutConstraint+MASDebugAdditions.m in Sources */,
				04DAC1B120302CB7008836D0 /* MASViewAttribute.m in Sources */,
			);
			runOnlyForDeploymentPostprocessing = 0;
		};
		04DAC16A202FC9BE008836D0 /* Sources */ = {
			isa = PBXSourcesBuildPhase;
			buildActionMask = 2147483647;
			files = (
				04DAC173202FC9BE008836D0 /* PeripheralDemoTests.m in Sources */,
			);
			runOnlyForDeploymentPostprocessing = 0;
		};
		04DAC175202FC9BE008836D0 /* Sources */ = {
			isa = PBXSourcesBuildPhase;
			buildActionMask = 2147483647;
			files = (
				04DAC17E202FC9BE008836D0 /* PeripheralDemoUITests.m in Sources */,
			);
			runOnlyForDeploymentPostprocessing = 0;
		};
/* End PBXSourcesBuildPhase section */

/* Begin PBXTargetDependency section */
		04DAC170202FC9BE008836D0 /* PBXTargetDependency */ = {
			isa = PBXTargetDependency;
			target = 04DAC155202FC9BE008836D0 /* PeripheralDemo */;
			targetProxy = 04DAC16F202FC9BE008836D0 /* PBXContainerItemProxy */;
		};
		04DAC17B202FC9BE008836D0 /* PBXTargetDependency */ = {
			isa = PBXTargetDependency;
			target = 04DAC155202FC9BE008836D0 /* PeripheralDemo */;
			targetProxy = 04DAC17A202FC9BE008836D0 /* PBXContainerItemProxy */;
		};
/* End PBXTargetDependency section */

/* Begin PBXVariantGroup section */
		04DAC15F202FC9BE008836D0 /* Main.storyboard */ = {
			isa = PBXVariantGroup;
			children = (
				04DAC160202FC9BE008836D0 /* Base */,
			);
			name = Main.storyboard;
			sourceTree = "<group>";
		};
		04DAC164202FC9BE008836D0 /* LaunchScreen.storyboard */ = {
			isa = PBXVariantGroup;
			children = (
				04DAC165202FC9BE008836D0 /* Base */,
			);
			name = LaunchScreen.storyboard;
			sourceTree = "<group>";
		};
/* End PBXVariantGroup section */

/* Begin XCBuildConfiguration section */
		04DAC180202FC9BE008836D0 /* Debug */ = {
			isa = XCBuildConfiguration;
			buildSettings = {
				ALWAYS_SEARCH_USER_PATHS = NO;
				CLANG_ANALYZER_NONNULL = YES;
				CLANG_ANALYZER_NUMBER_OBJECT_CONVERSION = YES_AGGRESSIVE;
				CLANG_CXX_LANGUAGE_STANDARD = "gnu++14";
				CLANG_CXX_LIBRARY = "libc++";
				CLANG_ENABLE_MODULES = YES;
				CLANG_ENABLE_OBJC_ARC = YES;
				CLANG_WARN_BLOCK_CAPTURE_AUTORELEASING = YES;
				CLANG_WARN_BOOL_CONVERSION = YES;
				CLANG_WARN_COMMA = YES;
				CLANG_WARN_CONSTANT_CONVERSION = YES;
				CLANG_WARN_DIRECT_OBJC_ISA_USAGE = YES_ERROR;
				CLANG_WARN_DOCUMENTATION_COMMENTS = YES;
				CLANG_WARN_EMPTY_BODY = YES;
				CLANG_WARN_ENUM_CONVERSION = YES;
				CLANG_WARN_INFINITE_RECURSION = YES;
				CLANG_WARN_INT_CONVERSION = YES;
				CLANG_WARN_NON_LITERAL_NULL_CONVERSION = YES;
				CLANG_WARN_OBJC_LITERAL_CONVERSION = YES;
				CLANG_WARN_OBJC_ROOT_CLASS = YES_ERROR;
				CLANG_WARN_RANGE_LOOP_ANALYSIS = YES;
				CLANG_WARN_STRICT_PROTOTYPES = YES;
				CLANG_WARN_SUSPICIOUS_MOVE = YES;
				CLANG_WARN_UNGUARDED_AVAILABILITY = YES_AGGRESSIVE;
				CLANG_WARN_UNREACHABLE_CODE = YES;
				CLANG_WARN__DUPLICATE_METHOD_MATCH = YES;
				CODE_SIGN_IDENTITY = "iPhone Developer";
				COPY_PHASE_STRIP = NO;
				DEBUG_INFORMATION_FORMAT = dwarf;
				ENABLE_STRICT_OBJC_MSGSEND = YES;
				ENABLE_TESTABILITY = YES;
				GCC_C_LANGUAGE_STANDARD = gnu11;
				GCC_DYNAMIC_NO_PIC = NO;
				GCC_NO_COMMON_BLOCKS = YES;
				GCC_OPTIMIZATION_LEVEL = 0;
				GCC_PREPROCESSOR_DEFINITIONS = (
					"DEBUG=1",
					"$(inherited)",
				);
				GCC_WARN_64_TO_32_BIT_CONVERSION = YES;
				GCC_WARN_ABOUT_RETURN_TYPE = YES_ERROR;
				GCC_WARN_UNDECLARED_SELECTOR = YES;
				GCC_WARN_UNINITIALIZED_AUTOS = YES_AGGRESSIVE;
				GCC_WARN_UNUSED_FUNCTION = YES;
				GCC_WARN_UNUSED_VARIABLE = YES;
				IPHONEOS_DEPLOYMENT_TARGET = 11.2;
				MTL_ENABLE_DEBUG_INFO = YES;
				ONLY_ACTIVE_ARCH = YES;
				SDKROOT = iphoneos;
			};
			name = Debug;
		};
		04DAC181202FC9BE008836D0 /* Release */ = {
			isa = XCBuildConfiguration;
			buildSettings = {
				ALWAYS_SEARCH_USER_PATHS = NO;
				CLANG_ANALYZER_NONNULL = YES;
				CLANG_ANALYZER_NUMBER_OBJECT_CONVERSION = YES_AGGRESSIVE;
				CLANG_CXX_LANGUAGE_STANDARD = "gnu++14";
				CLANG_CXX_LIBRARY = "libc++";
				CLANG_ENABLE_MODULES = YES;
				CLANG_ENABLE_OBJC_ARC = YES;
				CLANG_WARN_BLOCK_CAPTURE_AUTORELEASING = YES;
				CLANG_WARN_BOOL_CONVERSION = YES;
				CLANG_WARN_COMMA = YES;
				CLANG_WARN_CONSTANT_CONVERSION = YES;
				CLANG_WARN_DIRECT_OBJC_ISA_USAGE = YES_ERROR;
				CLANG_WARN_DOCUMENTATION_COMMENTS = YES;
				CLANG_WARN_EMPTY_BODY = YES;
				CLANG_WARN_ENUM_CONVERSION = YES;
				CLANG_WARN_INFINITE_RECURSION = YES;
				CLANG_WARN_INT_CONVERSION = YES;
				CLANG_WARN_NON_LITERAL_NULL_CONVERSION = YES;
				CLANG_WARN_OBJC_LITERAL_CONVERSION = YES;
				CLANG_WARN_OBJC_ROOT_CLASS = YES_ERROR;
				CLANG_WARN_RANGE_LOOP_ANALYSIS = YES;
				CLANG_WARN_STRICT_PROTOTYPES = YES;
				CLANG_WARN_SUSPICIOUS_MOVE = YES;
				CLANG_WARN_UNGUARDED_AVAILABILITY = YES_AGGRESSIVE;
				CLANG_WARN_UNREACHABLE_CODE = YES;
				CLANG_WARN__DUPLICATE_METHOD_MATCH = YES;
				CODE_SIGN_IDENTITY = "iPhone Developer";
				COPY_PHASE_STRIP = NO;
				DEBUG_INFORMATION_FORMAT = "dwarf-with-dsym";
				ENABLE_NS_ASSERTIONS = NO;
				ENABLE_STRICT_OBJC_MSGSEND = YES;
				GCC_C_LANGUAGE_STANDARD = gnu11;
				GCC_NO_COMMON_BLOCKS = YES;
				GCC_WARN_64_TO_32_BIT_CONVERSION = YES;
				GCC_WARN_ABOUT_RETURN_TYPE = YES_ERROR;
				GCC_WARN_UNDECLARED_SELECTOR = YES;
				GCC_WARN_UNINITIALIZED_AUTOS = YES_AGGRESSIVE;
				GCC_WARN_UNUSED_FUNCTION = YES;
				GCC_WARN_UNUSED_VARIABLE = YES;
				IPHONEOS_DEPLOYMENT_TARGET = 11.2;
				MTL_ENABLE_DEBUG_INFO = NO;
				SDKROOT = iphoneos;
				VALIDATE_PRODUCT = YES;
			};
			name = Release;
		};
		04DAC183202FC9BE008836D0 /* Debug */ = {
			isa = XCBuildConfiguration;
			buildSettings = {
				ASSETCATALOG_COMPILER_APPICON_NAME = AppIcon;
				CODE_SIGN_STYLE = Automatic;
				DEVELOPMENT_TEAM = X8DXMC25N8;
				INFOPLIST_FILE = PeripheralDemo/Info.plist;
				IPHONEOS_DEPLOYMENT_TARGET = 9.0;
				LD_RUNPATH_SEARCH_PATHS = "$(inherited) @executable_path/Frameworks";
				PRODUCT_BUNDLE_IDENTIFIER = com.XiaoMenTong.PeripheralDemo;
				PRODUCT_NAME = "$(TARGET_NAME)";
				TARGETED_DEVICE_FAMILY = 1;
			};
			name = Debug;
		};
		04DAC184202FC9BE008836D0 /* Release */ = {
			isa = XCBuildConfiguration;
			buildSettings = {
				ASSETCATALOG_COMPILER_APPICON_NAME = AppIcon;
				CODE_SIGN_STYLE = Automatic;
				DEVELOPMENT_TEAM = X8DXMC25N8;
				INFOPLIST_FILE = PeripheralDemo/Info.plist;
				IPHONEOS_DEPLOYMENT_TARGET = 9.0;
				LD_RUNPATH_SEARCH_PATHS = "$(inherited) @executable_path/Frameworks";
				PRODUCT_BUNDLE_IDENTIFIER = com.XiaoMenTong.PeripheralDemo;
				PRODUCT_NAME = "$(TARGET_NAME)";
				TARGETED_DEVICE_FAMILY = 1;
			};
			name = Release;
		};
		04DAC186202FC9BE008836D0 /* Debug */ = {
			isa = XCBuildConfiguration;
			buildSettings = {
				BUNDLE_LOADER = "$(TEST_HOST)";
				CODE_SIGN_STYLE = Automatic;
				DEVELOPMENT_TEAM = X8DXMC25N8;
				INFOPLIST_FILE = PeripheralDemoTests/Info.plist;
				LD_RUNPATH_SEARCH_PATHS = "$(inherited) @executable_path/Frameworks @loader_path/Frameworks";
				PRODUCT_BUNDLE_IDENTIFIER = com.XiaoMenTong.PeripheralDemoTests;
				PRODUCT_NAME = "$(TARGET_NAME)";
				TARGETED_DEVICE_FAMILY = "1,2";
				TEST_HOST = "$(BUILT_PRODUCTS_DIR)/PeripheralDemo.app/PeripheralDemo";
			};
			name = Debug;
		};
		04DAC187202FC9BE008836D0 /* Release */ = {
			isa = XCBuildConfiguration;
			buildSettings = {
				BUNDLE_LOADER = "$(TEST_HOST)";
				CODE_SIGN_STYLE = Automatic;
				DEVELOPMENT_TEAM = X8DXMC25N8;
				INFOPLIST_FILE = PeripheralDemoTests/Info.plist;
				LD_RUNPATH_SEARCH_PATHS = "$(inherited) @executable_path/Frameworks @loader_path/Frameworks";
				PRODUCT_BUNDLE_IDENTIFIER = com.XiaoMenTong.PeripheralDemoTests;
				PRODUCT_NAME = "$(TARGET_NAME)";
				TARGETED_DEVICE_FAMILY = "1,2";
				TEST_HOST = "$(BUILT_PRODUCTS_DIR)/PeripheralDemo.app/PeripheralDemo";
			};
			name = Release;
		};
		04DAC189202FC9BE008836D0 /* Debug */ = {
			isa = XCBuildConfiguration;
			buildSettings = {
				CODE_SIGN_STYLE = Automatic;
				DEVELOPMENT_TEAM = X8DXMC25N8;
				INFOPLIST_FILE = PeripheralDemoUITests/Info.plist;
				LD_RUNPATH_SEARCH_PATHS = "$(inherited) @executable_path/Frameworks @loader_path/Frameworks";
				PRODUCT_BUNDLE_IDENTIFIER = com.XiaoMenTong.PeripheralDemoUITests;
				PRODUCT_NAME = "$(TARGET_NAME)";
				TARGETED_DEVICE_FAMILY = "1,2";
				TEST_TARGET_NAME = PeripheralDemo;
			};
			name = Debug;
		};
		04DAC18A202FC9BE008836D0 /* Release */ = {
			isa = XCBuildConfiguration;
			buildSettings = {
				CODE_SIGN_STYLE = Automatic;
				DEVELOPMENT_TEAM = X8DXMC25N8;
				INFOPLIST_FILE = PeripheralDemoUITests/Info.plist;
				LD_RUNPATH_SEARCH_PATHS = "$(inherited) @executable_path/Frameworks @loader_path/Frameworks";
				PRODUCT_BUNDLE_IDENTIFIER = com.XiaoMenTong.PeripheralDemoUITests;
				PRODUCT_NAME = "$(TARGET_NAME)";
				TARGETED_DEVICE_FAMILY = "1,2";
				TEST_TARGET_NAME = PeripheralDemo;
			};
			name = Release;
		};
/* End XCBuildConfiguration section */

/* Begin XCConfigurationList section */
		04DAC151202FC9BE008836D0 /* Build configuration list for PBXProject "PeripheralDemo" */ = {
			isa = XCConfigurationList;
			buildConfigurations = (
				04DAC180202FC9BE008836D0 /* Debug */,
				04DAC181202FC9BE008836D0 /* Release */,
			);
			defaultConfigurationIsVisible = 0;
			defaultConfigurationName = Release;
		};
		04DAC182202FC9BE008836D0 /* Build configuration list for PBXNativeTarget "PeripheralDemo" */ = {
			isa = XCConfigurationList;
			buildConfigurations = (
				04DAC183202FC9BE008836D0 /* Debug */,
				04DAC184202FC9BE008836D0 /* Release */,
			);
			defaultConfigurationIsVisible = 0;
			defaultConfigurationName = Release;
		};
		04DAC185202FC9BE008836D0 /* Build configuration list for PBXNativeTarget "PeripheralDemoTests" */ = {
			isa = XCConfigurationList;
			buildConfigurations = (
				04DAC186202FC9BE008836D0 /* Debug */,
				04DAC187202FC9BE008836D0 /* Release */,
			);
			defaultConfigurationIsVisible = 0;
			defaultConfigurationName = Release;
		};
		04DAC188202FC9BE008836D0 /* Build configuration list for PBXNativeTarget "PeripheralDemoUITests" */ = {
			isa = XCConfigurationList;
			buildConfigurations = (
				04DAC189202FC9BE008836D0 /* Debug */,
				04DAC18A202FC9BE008836D0 /* Release */,
			);
			defaultConfigurationIsVisible = 0;
			defaultConfigurationName = Release;
		};
/* End XCConfigurationList section */
	};
	rootObject = 04DAC14E202FC9BE008836D0 /* Project object */;
}
